DEPENDENCIES
  apache2
  mysql
    path: site-cookbooks/mysql
  nginx
    path: site-cookbooks/nginx
  nodejs
    path: site-cookbooks/nodejs
  ruby-env
    path: site-cookbooks/ruby-env
  yum-epel

GRAPH
  apache2 (2.0.0)
    iptables (>= 0.0.0)
    logrotate (>= 0.0.0)
    pacman (>= 0.0.0)
  iptables (0.13.2)
  logrotate (1.6.0)
  mysql (0.1.0)
  nginx (0.1.0)
  nodejs (0.1.0)
  pacman (1.1.1)
  ruby-env (0.1.0)
  yum (3.2.2)
  yum-epel (0.4.0)
    yum (~> 3.0)
